
Microsoft Visual Studio Solution File, Format Version 12.00
# Visual Studio Version 17
VisualStudioVersion = 17.13.35931.197 d17.13
MinimumVisualStudioVersion = 10.0.40219.1
Project("{FAE04EC0-301F-11D3-BF4B-00C04F79EFBC}") = "ViewsExample", "ViewsExample\ViewsExample.csproj", "{CC80F433-350E-448A-A80B-C0C7CD5FEE9F}"
EndProject
Global
	GlobalSection(SolutionConfigurationPlatforms) = preSolution
		Debug|Any CPU = Debug|Any CPU
		Release|Any CPU = Release|Any CPU
	EndGlobalSection
	GlobalSection(ProjectConfigurationPlatforms) = postSolution
		{CC80F433-350E-448A-A80B-C0C7CD5FEE9F}.Debug|Any CPU.ActiveCfg = Debug|Any CPU
		{CC80F433-350E-448A-A80B-C0C7CD5FEE9F}.Debug|Any CPU.Build.0 = Debug|Any CPU
		{CC80F433-350E-448A-A80B-C0C7CD5FEE9F}.Release|Any CPU.ActiveCfg = Release|Any CPU
		{CC80F433-350E-448A-A80B-C0C7CD5FEE9F}.Release|Any CPU.Build.0 = Release|Any CPU
	EndGlobalSection
	GlobalSection(SolutionProperties) = preSolution
		HideSolutionNode = FALSE
	EndGlobalSection
	GlobalSection(ExtensibilityGlobals) = postSolution
		SolutionGuid = {AF19B400-6DDC-4865-A70A-209946878169}
	EndGlobalSection
EndGlobal
